
Microsoft Visual Studio Solution File, Format Version 12.00
# Visual Studio Version 16
VisualStudioVersion = 16.0.29926.136
MinimumVisualStudioVersion = 10.0.40219.1
Project("{FAE04EC0-301F-11D3-BF4B-00C04F79EFBC}") = "Lucky", "Lucky.csproj", "{01F07728-7CF5-420A-904C-98EEFF54842D}"
EndProject
Global
	GlobalSection(SolutionConfigurationPlatforms) = preSolution
		Debug|Any CPU = Debug|Any CPU
		Release|Any CPU = Release|Any CPU
	EndGlobalSection
	GlobalSection(ProjectConfigurationPlatforms) = postSolution
		{01F07728-7CF5-420A-904C-98EEFF54842D}.Debug|Any CPU.ActiveCfg = Debug|Any CPU
		{01F07728-7CF5-420A-904C-98EEFF54842D}.Debug|Any CPU.Build.0 = Debug|Any CPU
		{01F07728-7CF5-420A-904C-98EEFF54842D}.Release|Any CPU.ActiveCfg = Release|Any CPU
		{01F07728-7CF5-420A-904C-98EEFF54842D}.Release|Any CPU.Build.0 = Release|Any CPU
	EndGlobalSection
	GlobalSection(SolutionProperties) = preSolution
		HideSolutionNode = FALSE
	EndGlobalSection
	GlobalSection(ExtensibilityGlobals) = postSolution
		SolutionGuid = {F9F40AB6-3ACA-4740-9D37-D501369414E9}
	EndGlobalSection
EndGlobal
